
Microsoft Visual Studio Solution File, Format Version 12.00
# Visual Studio Version 17
VisualStudioVersion = 17.9.34701.34
MinimumVisualStudioVersion = 10.0.40219.1
Project("{2150E333-8FDC-42A3-9474-1A3956D46DE8}") = "src", "src", "{BE24A818-86CB-42EA-88E8-9EA33237162A}"
EndProject
Project("{2150E333-8FDC-42A3-9474-1A3956D46DE8}") = "UI", "UI", "{74D663F9-5915-4D7C-B874-FAB4E984573B}"
EndProject
Project("{2150E333-8FDC-42A3-9474-1A3956D46DE8}") = "Domain", "Domain", "{D588CBC1-974A-4E1F-8D56-8D2B32DED29E}"
EndProject
Project("{FAE04EC0-301F-11D3-BF4B-00C04F79EFBC}") = "Domain", "Domain\Domain.csproj", "{B4E4BD21-285C-46B5-BE28-657840FB34F8}"
EndProject
Project("{2150E333-8FDC-42A3-9474-1A3956D46DE8}") = "Application", "Application", "{09A5ADD5-BB27-4C95-B941-0DFCA433AA75}"
EndProject
Project("{FAE04EC0-301F-11D3-BF4B-00C04F79EFBC}") = "Application", "Application\Application.csproj", "{0641A6CF-EF3E-4DF0-9FF5-4E37A6E0C272}"
EndProject
Project("{2150E333-8FDC-42A3-9474-1A3956D46DE8}") = "Infrastructure", "Infrastructure", "{630C815B-4E3E-4FDE-B0C9-3E7E753B0F09}"
EndProject
Project("{FAE04EC0-301F-11D3-BF4B-00C04F79EFBC}") = "Infrastructure", "Infrastructure\Infrastructure.csproj", "{4860DD44-85B2-453D-A8AC-BB080E8DA52F}"
EndProject
Project("{2150E333-8FDC-42A3-9474-1A3956D46DE8}") = "Tests", "Tests", "{B9462EC8-ADEC-4BB2-B73C-B26AAF472933}"
EndProject
Project("{9A19103F-16F7-4668-BE54-9A1E7A4F7556}") = "Ecommerce-cors-mediatr", "Ecommerce-cors-mediatr\Ecommerce-cors-mediatr.csproj", "{4C77E87E-7D21-463F-AB1F-DD57C2B44D56}"
EndProject
Project("{FAE04EC0-301F-11D3-BF4B-00C04F79EFBC}") = "Ecommerce.UnitTests", "Ecommerce.UnitTests\Ecommerce.UnitTests.csproj", "{0665ED17-8666-45CC-9592-D0EAE2C2080A}"
EndProject
Global
	GlobalSection(SolutionConfigurationPlatforms) = preSolution
		Debug|Any CPU = Debug|Any CPU
		Release|Any CPU = Release|Any CPU
	EndGlobalSection
	GlobalSection(ProjectConfigurationPlatforms) = postSolution
		{B4E4BD21-285C-46B5-BE28-657840FB34F8}.Debug|Any CPU.ActiveCfg = Debug|Any CPU
		{B4E4BD21-285C-46B5-BE28-657840FB34F8}.Debug|Any CPU.Build.0 = Debug|Any CPU
		{B4E4BD21-285C-46B5-BE28-657840FB34F8}.Release|Any CPU.ActiveCfg = Release|Any CPU
		{B4E4BD21-285C-46B5-BE28-657840FB34F8}.Release|Any CPU.Build.0 = Release|Any CPU
		{0641A6CF-EF3E-4DF0-9FF5-4E37A6E0C272}.Debug|Any CPU.ActiveCfg = Debug|Any CPU
		{0641A6CF-EF3E-4DF0-9FF5-4E37A6E0C272}.Debug|Any CPU.Build.0 = Debug|Any CPU
		{0641A6CF-EF3E-4DF0-9FF5-4E37A6E0C272}.Release|Any CPU.ActiveCfg = Release|Any CPU
		{0641A6CF-EF3E-4DF0-9FF5-4E37A6E0C272}.Release|Any CPU.Build.0 = Release|Any CPU
		{4860DD44-85B2-453D-A8AC-BB080E8DA52F}.Debug|Any CPU.ActiveCfg = Debug|Any CPU
		{4860DD44-85B2-453D-A8AC-BB080E8DA52F}.Debug|Any CPU.Build.0 = Debug|Any CPU
		{4860DD44-85B2-453D-A8AC-BB080E8DA52F}.Release|Any CPU.ActiveCfg = Release|Any CPU
		{4860DD44-85B2-453D-A8AC-BB080E8DA52F}.Release|Any CPU.Build.0 = Release|Any CPU
		{4C77E87E-7D21-463F-AB1F-DD57C2B44D56}.Debug|Any CPU.ActiveCfg = Debug|Any CPU
		{4C77E87E-7D21-463F-AB1F-DD57C2B44D56}.Debug|Any CPU.Build.0 = Debug|Any CPU
		{4C77E87E-7D21-463F-AB1F-DD57C2B44D56}.Release|Any CPU.ActiveCfg = Release|Any CPU
		{4C77E87E-7D21-463F-AB1F-DD57C2B44D56}.Release|Any CPU.Build.0 = Release|Any CPU
		{0665ED17-8666-45CC-9592-D0EAE2C2080A}.Debug|Any CPU.ActiveCfg = Debug|Any CPU
		{0665ED17-8666-45CC-9592-D0EAE2C2080A}.Debug|Any CPU.Build.0 = Debug|Any CPU
		{0665ED17-8666-45CC-9592-D0EAE2C2080A}.Release|Any CPU.ActiveCfg = Release|Any CPU
		{0665ED17-8666-45CC-9592-D0EAE2C2080A}.Release|Any CPU.Build.0 = Release|Any CPU
	EndGlobalSection
	GlobalSection(SolutionProperties) = preSolution
		HideSolutionNode = FALSE
	EndGlobalSection
	GlobalSection(NestedProjects) = preSolution
		{74D663F9-5915-4D7C-B874-FAB4E984573B} = {BE24A818-86CB-42EA-88E8-9EA33237162A}
		{D588CBC1-974A-4E1F-8D56-8D2B32DED29E} = {BE24A818-86CB-42EA-88E8-9EA33237162A}
		{B4E4BD21-285C-46B5-BE28-657840FB34F8} = {D588CBC1-974A-4E1F-8D56-8D2B32DED29E}
		{09A5ADD5-BB27-4C95-B941-0DFCA433AA75} = {BE24A818-86CB-42EA-88E8-9EA33237162A}
		{0641A6CF-EF3E-4DF0-9FF5-4E37A6E0C272} = {09A5ADD5-BB27-4C95-B941-0DFCA433AA75}
		{630C815B-4E3E-4FDE-B0C9-3E7E753B0F09} = {BE24A818-86CB-42EA-88E8-9EA33237162A}
		{4860DD44-85B2-453D-A8AC-BB080E8DA52F} = {630C815B-4E3E-4FDE-B0C9-3E7E753B0F09}
		{4C77E87E-7D21-463F-AB1F-DD57C2B44D56} = {74D663F9-5915-4D7C-B874-FAB4E984573B}
		{0665ED17-8666-45CC-9592-D0EAE2C2080A} = {B9462EC8-ADEC-4BB2-B73C-B26AAF472933}
	EndGlobalSection
	GlobalSection(ExtensibilityGlobals) = postSolution
		SolutionGuid = {0B85C67A-4E9B-4C0E-913F-C25AC2FFDC42}
	EndGlobalSection
EndGlobal
